# This file is @generated by PDM.
# It is not intended for manual editing.

[[package]]
name = "aircv"
version = "1.4.6"
summary = "Find object position based on python-opencv2."

[[package]]
name = "colorama"
version = "0.4.6"
requires_python = "!=3.0.*,!=3.1.*,!=3.2.*,!=3.3.*,!=3.4.*,!=3.5.*,!=3.6.*,>=2.7"
summary = "Cross-platform colored terminal text."

[[package]]
name = "easyprocess"
version = "1.1"
summary = "Easy to use Python subprocess interface."

[[package]]
name = "entrypoint2"
version = "1.1"
summary = "easy to use command-line interface for python modules"

[[package]]
name = "jeepney"
version = "0.8.0"
requires_python = ">=3.7"
summary = "Low-level, pure Python DBus protocol wrapper."

[[package]]
name = "loguru"
version = "0.7.0"
requires_python = ">=3.5"
summary = "Python logging made (stupidly) simple"
dependencies = [
    "colorama>=0.3.4; sys_platform == \"win32\"",
    "win32-setctime>=1.0.0; sys_platform == \"win32\"",
]

[[package]]
name = "mouseinfo"
version = "0.1.3"
summary = "An application to display XY position and RGB color information for the pixel currently under the mouse. Works on Python 2 and 3."
dependencies = [
    "pyperclip",
    "python3-Xlib; platform_system == \"Linux\" and python_version >= \"3.0\"",
    "rubicon-objc; platform_system == \"Darwin\"",
]

[[package]]
name = "mss"
version = "9.0.1"
requires_python = ">=3.8"
summary = "An ultra fast cross-platform multiple screenshots module in pure python using ctypes."

[[package]]
name = "numpy"
version = "1.24.3"
requires_python = ">=3.8"
summary = "Fundamental package for array computing in Python"

[[package]]
name = "opencv-python"
version = "4.7.0.72"
requires_python = ">=3.6"
summary = "Wrapper package for OpenCV python bindings."
dependencies = [
    "numpy>=1.17.0; python_version >= \"3.7\"",
    "numpy>=1.17.3; python_version >= \"3.8\"",
    "numpy>=1.19.3; python_version >= \"3.6\" and platform_system == \"Linux\" and platform_machine == \"aarch64\"",
    "numpy>=1.19.3; python_version >= \"3.9\"",
    "numpy>=1.21.2; python_version >= \"3.10\"",
    "numpy>=1.21.4; python_version >= \"3.10\" and platform_system == \"Darwin\"",
    "numpy>=1.22.0; python_version >= \"3.11\"",
]

[[package]]
name = "pillow"
version = "9.5.0"
requires_python = ">=3.7"
summary = "Python Imaging Library (Fork)"

[[package]]
name = "pyautogui"
version = "0.9.54"
summary = "PyAutoGUI lets Python control the mouse and keyboard, and other GUI automation tasks. For Windows, macOS, and Linux, on Python 3 and 2."
dependencies = [
    "mouseinfo",
    "pygetwindow>=0.0.5",
    "pymsgbox",
    "pyobjc-core; platform_system == \"Darwin\"",
    "pyobjc-framework-quartz; platform_system == \"Darwin\"",
    "pyscreeze>=0.1.21",
    "python3-Xlib; platform_system == \"Linux\" and python_version >= \"3.0\"",
    "pytweening>=1.0.4",
]

[[package]]
name = "pygetwindow"
version = "0.0.9"
summary = "A simple, cross-platform module for obtaining GUI information on application's windows."
dependencies = [
    "pyrect",
]

[[package]]
name = "pymsgbox"
version = "1.0.9"
summary = "A simple, cross-platform, pure Python module for JavaScript-like message boxes."

[[package]]
name = "pyobjc-core"
version = "9.1.1"
requires_python = ">=3.7"
summary = "Python<->ObjC Interoperability Module"

[[package]]
name = "pyobjc-framework-cocoa"
version = "9.1.1"
requires_python = ">=3.7"
summary = "Wrappers for the Cocoa frameworks on macOS"
dependencies = [
    "pyobjc-core>=9.1.1",
]

[[package]]
name = "pyobjc-framework-quartz"
version = "9.1.1"
requires_python = ">=3.7"
summary = "Wrappers for the Quartz frameworks on macOS"
dependencies = [
    "pyobjc-core>=9.1.1",
    "pyobjc-framework-Cocoa>=9.1.1",
]

[[package]]
name = "pyperclip"
version = "1.8.2"
summary = "A cross-platform clipboard module for Python. (Only handles plain text for now.)"

[[package]]
name = "pyrect"
version = "0.2.0"
summary = "PyRect is a simple module with a Rect class for Pygame-like rectangular areas."

[[package]]
name = "pyscreenshot"
version = "3.1"
requires_python = ">=3.4"
summary = "python screenshot"
dependencies = [
    "EasyProcess",
    "entrypoint2",
    "jeepney; python_version > \"3.4\" and platform_system == \"Linux\"",
    "mss; python_version > \"3.4\"",
]

[[package]]
name = "pyscreeze"
version = "0.1.29"
summary = "A simple, cross-platform screenshot module for Python 2 and 3."
dependencies = [
    "Pillow>=9.2.0; python_version == \"3.10\"",
    "Pillow>=9.3.0; python_version == \"3.11\"",
    "pyscreenshot",
]

[[package]]
name = "python3-xlib"
version = "0.15"
summary = "Python3 X Library"

[[package]]
name = "pytweening"
version = "1.0.7"
summary = "A collection of tweening / easing functions."

[[package]]
name = "rubicon-objc"
version = "0.4.6"
requires_python = ">=3.7"
summary = "A bridge between an Objective C runtime environment and Python."

[[package]]
name = "win32-setctime"
version = "1.1.0"
requires_python = ">=3.5"
summary = "A small Python utility to set file creation time on Windows"

[metadata]
lock_version = "4.2"
cross_platform = true
groups = ["default"]
content_hash = "sha256:517787a3281c595d2e2dfcd43d48eeafffdc3db5592fe5154cccab19f167633a"

[metadata.files]
"aircv 1.4.6" = [
    {url = "https://files.pythonhosted.org/packages/88/99/21e9d8d4897fac044df48af9ff65b8b7f8dc7e6c13065a4ec34656b81cf9/aircv-1.4.6-py2-none-any.whl", hash = "sha256:69ad013ce1cc7bc19ebdea0a62b1ff2569bad338cc8401d0f5c3e1b850c24c3d"},
    {url = "https://files.pythonhosted.org/packages/bd/70/fdf23058fb0728f5d241287562e088b1b4d5d9e68c6689b1afbbc53ec10b/aircv-1.4.6.tar.gz", hash = "sha256:2e6fb134fc67ee1000121f7156d8b827944e21d914a6ea6f6a734040886a5b9a"},
]
"colorama 0.4.6" = [
    {url = "https://files.pythonhosted.org/packages/d1/d6/3965ed04c63042e047cb6a3e6ed1a63a35087b6a609aa3a15ed8ac56c221/colorama-0.4.6-py2.py3-none-any.whl", hash = "sha256:4f1d9991f5acc0ca119f9d443620b77f9d6b33703e51011c16baf57afb285fc6"},
    {url = "https://files.pythonhosted.org/packages/d8/53/6f443c9a4a8358a93a6792e2acffb9d9d5cb0a5cfd8802644b7b1c9a02e4/colorama-0.4.6.tar.gz", hash = "sha256:08695f5cb7ed6e0531a20572697297273c47b8cae5a63ffc6d6ed5c201be6e44"},
]
"easyprocess 1.1" = [
    {url = "https://files.pythonhosted.org/packages/86/e5/1071ad7de469bf3baae5b04d6c8019876c819c2d428cc1b0f15b4b31fc89/EasyProcess-1.1.tar.gz", hash = "sha256:885898302a57aab948973e8b5d32a4229392b9fb2d986ab1d4ffd590e5ba90ec"},
    {url = "https://files.pythonhosted.org/packages/9c/cf/27d1f4b3bae5e566f94fc716e048120128cf603d5163638d22bcd0fc92d8/EasyProcess-1.1-py3-none-any.whl", hash = "sha256:82eed523a0a5eb12a81fa4eacd9f342caeb3f900eb4b798740e6696ad07e63f9"},
]
"entrypoint2 1.1" = [
    {url = "https://files.pythonhosted.org/packages/41/2b/513088059a4bfe89acd8ddb74f9350b399507a0fe6676c3346d54449a5b1/entrypoint2-1.1.tar.gz", hash = "sha256:fc0b7fe7b21acdab47a585ab9407ca7e5c4f96cb6888575db6b0ceb91f0e105a"},
    {url = "https://files.pythonhosted.org/packages/42/ee/84c8990b08efa0265bd10fc8781ef26e3157715bf0dfa47ee3c056b513d4/entrypoint2-1.1-py2.py3-none-any.whl", hash = "sha256:eeb8c327bdb65cdd1668c023a6b110b7e3d1a046fb05e043861ebd9264b3a257"},
]
"jeepney 0.8.0" = [
    {url = "https://files.pythonhosted.org/packages/ae/72/2a1e2290f1ab1e06f71f3d0f1646c9e4634e70e1d37491535e19266e8dc9/jeepney-0.8.0-py3-none-any.whl", hash = "sha256:c0a454ad016ca575060802ee4d590dd912e35c122fa04e70306de3d076cce755"},
    {url = "https://files.pythonhosted.org/packages/d6/f4/154cf374c2daf2020e05c3c6a03c91348d59b23c5366e968feb198306fdf/jeepney-0.8.0.tar.gz", hash = "sha256:5efe48d255973902f6badc3ce55e2aa6c5c3b3bc642059ef3a91247bcfcc5806"},
]
"loguru 0.7.0" = [
    {url = "https://files.pythonhosted.org/packages/0c/1d/697cbb4ae54217784c1c4805696efb2fd7a1cbbe4827264a80a49e52b828/loguru-0.7.0.tar.gz", hash = "sha256:1612053ced6ae84d7959dd7d5e431a0532642237ec21f7fd83ac73fe539e03e1"},
    {url = "https://files.pythonhosted.org/packages/71/bd/337f7a0cd2628c4c77512d78e26f93b13c327a2ddf2132001dd78c000bf4/loguru-0.7.0-py3-none-any.whl", hash = "sha256:b93aa30099fa6860d4727f1b81f8718e965bb96253fa190fab2077aaad6d15d3"},
]
"mouseinfo 0.1.3" = [
    {url = "https://files.pythonhosted.org/packages/28/fa/b2ba8229b9381e8f6381c1dcae6f4159a7f72349e414ed19cfbbd1817173/MouseInfo-0.1.3.tar.gz", hash = "sha256:2c62fb8885062b8e520a3cce0a297c657adcc08c60952eb05bc8256ef6f7f6e7"},
]
"mss 9.0.1" = [
    {url = "https://files.pythonhosted.org/packages/1c/22/e61c6c9fa3730f5ac816f12514947ebfbd42340c56807a7a81b4b7cd5786/mss-9.0.1-py3-none-any.whl", hash = "sha256:7ee44db7ab14cbea6a3eb63813c57d677a109ca5979d3b76046e4bddd3ca1a0b"},
    {url = "https://files.pythonhosted.org/packages/88/ac/d98826a39267b67d8c07bda0137fb68f3d08345e96a308d2c0f2578f7beb/mss-9.0.1.tar.gz", hash = "sha256:6eb7b9008cf27428811fa33aeb35f3334db81e3f7cc2dd49ec7c6e5a94b39f12"},
]
"numpy 1.24.3" = [
    {url = "https://files.pythonhosted.org/packages/0d/43/643629a4a278b4815541c7d69856c07ddb0e99bdc62b43538d3751eae2d8/numpy-1.24.3-cp39-cp39-macosx_10_9_x86_64.whl", hash = "sha256:4719d5aefb5189f50887773699eaf94e7d1e02bf36c1a9d353d9f46703758ca4"},
    {url = "https://files.pythonhosted.org/packages/15/b8/cbe1750b9ec78062e5a00ef39ff8bdf189ce753b411b6b35931ababaee47/numpy-1.24.3-pp38-pypy38_pp73-win_amd64.whl", hash = "sha256:35400e6a8d102fd07c71ed7dcadd9eb62ee9a6e84ec159bd48c28235bbb0f8e4"},
    {url = "https://files.pythonhosted.org/packages/1a/62/af7e78a12207608b23e3b2e248fc823fbef75f17d5defc8a127c5661daca/numpy-1.24.3-cp38-cp38-win_amd64.whl", hash = "sha256:56e48aec79ae238f6e4395886b5eaed058abb7231fb3361ddd7bfdf4eed54289"},
    {url = "https://files.pythonhosted.org/packages/2c/d4/590ae7df5044465cc9fa2db152ae12468694d62d952b1528ecff328ef7fc/numpy-1.24.3.tar.gz", hash = "sha256:ab344f1bf21f140adab8e47fdbc7c35a477dc01408791f8ba00d018dd0bc5155"},
    {url = "https://files.pythonhosted.org/packages/53/f7/bf6e2b973c6d6a4c60f722dd95322d4997b4999347d67c5c74a4042a07b7/numpy-1.24.3-cp38-cp38-win32.whl", hash = "sha256:d933fabd8f6a319e8530d0de4fcc2e6a61917e0b0c271fded460032db42a0fe4"},
    {url = "https://files.pythonhosted.org/packages/54/41/fb17c1d48a574c50422ff3f1b17ed979b755adc6ed291c4a44a76e226c67/numpy-1.24.3-cp39-cp39-macosx_11_0_arm64.whl", hash = "sha256:0ec87a7084caa559c36e0a2309e4ecb1baa03b687201d0a847c8b0ed476a7187"},
    {url = "https://files.pythonhosted.org/packages/5a/ab/d0eff89e0c05cc86fa7955c5e54e8ed0957a8a97a2516384b9ffd82008cc/numpy-1.24.3-pp38-pypy38_pp73-macosx_10_9_x86_64.whl", hash = "sha256:352ee00c7f8387b44d19f4cada524586f07379c0d49270f87233983bc5087ca0"},
    {url = "https://files.pythonhosted.org/packages/62/e4/cd77d5f3d02c30d9ca8f2995df3cb3974c75cf1cc777fad445753475c4e4/numpy-1.24.3-cp310-cp310-manylinux_2_17_aarch64.manylinux2014_aarch64.whl", hash = "sha256:8535303847b89aa6b0f00aa1dc62867b5a32923e4d1681a35b5eef2d9591a463"},
    {url = "https://files.pythonhosted.org/packages/65/5d/46da284b0bf6cfbf04082c3c5e84399664d69e41c11a33587ad49b0c64e5/numpy-1.24.3-cp310-cp310-win_amd64.whl", hash = "sha256:ab5f23af8c16022663a652d3b25dcdc272ac3f83c3af4c02eb8b824e6b3ab9d7"},
    {url = "https://files.pythonhosted.org/packages/6f/72/38f9a536bdb5bfb1682f2520f133ec6e08dde8bcca1f632e347641d90763/numpy-1.24.3-cp310-cp310-manylinux_2_17_x86_64.manylinux2014_x86_64.whl", hash = "sha256:2d926b52ba1367f9acb76b0df6ed21f0b16a1ad87c6720a1121674e5cf63e2b6"},
    {url = "https://files.pythonhosted.org/packages/72/eb/9c77bbc4d2b4ca17ef253621794a2d42897d896f86cd493db3eabe1a7d25/numpy-1.24.3-cp311-cp311-manylinux_2_17_aarch64.manylinux2014_aarch64.whl", hash = "sha256:76e3f4e85fc5d4fd311f6e9b794d0c00e7002ec122be271f2019d63376f1d385"},
    {url = "https://files.pythonhosted.org/packages/76/7c/cfb8ac4925defbe222aec15ac6b42b2a3d9bab7c9d13a2e767f534b35c2e/numpy-1.24.3-cp39-cp39-win_amd64.whl", hash = "sha256:d5036197ecae68d7f491fcdb4df90082b0d4960ca6599ba2659957aafced7c17"},
    {url = "https://files.pythonhosted.org/packages/79/4a/63a79242763edde0b5025d104cc2b78c44d89310b1bbc9b0f64a96b72ea0/numpy-1.24.3-cp38-cp38-macosx_10_9_x86_64.whl", hash = "sha256:7776ea65423ca6a15255ba1872d82d207bd1e09f6d0894ee4a64678dd2204078"},
    {url = "https://files.pythonhosted.org/packages/82/19/321d369ede7458500f59151101470129d14f3b6768bb9b99bb7156f526b5/numpy-1.24.3-cp311-cp311-manylinux_2_17_x86_64.manylinux2014_x86_64.whl", hash = "sha256:a1d3c026f57ceaad42f8231305d4653d5f05dc6332a730ae5c0bea3513de0950"},
    {url = "https://files.pythonhosted.org/packages/83/be/de078ac5e4ff572b1bdac1808b77cea2013b2c6286282f89b1de3e951273/numpy-1.24.3-cp39-cp39-manylinux_2_17_x86_64.manylinux2014_x86_64.whl", hash = "sha256:210461d87fb02a84ef243cac5e814aad2b7f4be953b32cb53327bb49fd77fbb4"},
    {url = "https://files.pythonhosted.org/packages/89/e3/e2f478b2ff131e7c3171044a87e74df61db4b67fbcb90be479c07a44d0a7/numpy-1.24.3-cp310-cp310-win32.whl", hash = "sha256:f21c442fdd2805e91799fbe044a7b999b8571bb0ab0f7850d0cb9641a687092b"},
    {url = "https://files.pythonhosted.org/packages/8b/d9/814a619ab84d8eb0d95e08d4c723e665f1e694b5a6068ca505a61bdc3745/numpy-1.24.3-cp38-cp38-manylinux_2_17_x86_64.manylinux2014_x86_64.whl", hash = "sha256:4749e053a29364d3452c034827102ee100986903263e89884922ef01a0a6fd2f"},
    {url = "https://files.pythonhosted.org/packages/94/84/ed45416c8319c02348a5812d5647796a0833e3fb5576d01758f2a72e9200/numpy-1.24.3-cp311-cp311-win32.whl", hash = "sha256:c91c4afd8abc3908e00a44b2672718905b8611503f7ff87390cc0ac3423fb096"},
    {url = "https://files.pythonhosted.org/packages/96/92/2a8c1356e226311cf885e04eff576df8c357b2626c47c9283024bc24e01e/numpy-1.24.3-cp39-cp39-manylinux_2_17_aarch64.manylinux2014_aarch64.whl", hash = "sha256:ea8282b9bcfe2b5e7d491d0bf7f3e2da29700cec05b49e64d6246923329f2b02"},
    {url = "https://files.pythonhosted.org/packages/a7/fe/72493149c65dcd39d8c8dc09870e242bd689d1db2bde3ec479807bf0d414/numpy-1.24.3-cp38-cp38-manylinux_2_17_aarch64.manylinux2014_aarch64.whl", hash = "sha256:ecde0f8adef7dfdec993fd54b0f78183051b6580f606111a6d789cd14c61ea0c"},
    {url = "https://files.pythonhosted.org/packages/ca/13/c5bc0100b425f007412c3ba5d71e5ae9c08260fecbffd620764a9df1f4de/numpy-1.24.3-cp38-cp38-macosx_11_0_arm64.whl", hash = "sha256:ae8d0be48d1b6ed82588934aaaa179875e7dc4f3d84da18d7eae6eb3f06c242c"},
    {url = "https://files.pythonhosted.org/packages/d5/d6/07b37e7fecad7d158aabb4782a1b941e10afe8b80ec24cd64285a5bbb81b/numpy-1.24.3-cp39-cp39-win32.whl", hash = "sha256:784c6da1a07818491b0ffd63c6bbe5a33deaa0e25a20e1b3ea20cf0e43f8046c"},
    {url = "https://files.pythonhosted.org/packages/eb/10/2c3c672034d860bcca50b65d656e24c4e2ace9fb452fdd81da78cb7418a1/numpy-1.24.3-pp38-pypy38_pp73-manylinux_2_17_x86_64.manylinux2014_x86_64.whl", hash = "sha256:1a7d6acc2e7524c9955e5c903160aa4ea083736fde7e91276b0e5d98e6332812"},
    {url = "https://files.pythonhosted.org/packages/ec/7d/f69c47ea3db0cd8ca444aec241a80b538eb176ae756820489a9d2946ec8c/numpy-1.24.3-cp311-cp311-macosx_10_9_x86_64.whl", hash = "sha256:9a7721ec204d3a237225db3e194c25268faf92e19338a35f3a224469cb6039a3"},
    {url = "https://files.pythonhosted.org/packages/ee/6c/7217a8844dfe22e349bccbecd35571fa72c5d7fe8b33d8c5540e8cc2535c/numpy-1.24.3-cp311-cp311-macosx_11_0_arm64.whl", hash = "sha256:d6cc757de514c00b24ae8cf5c876af2a7c3df189028d68c0cb4eaa9cd5afc2bf"},
    {url = "https://files.pythonhosted.org/packages/f0/e8/1ea9adebdccaadfc208c7517e09f5145ed5a73069779ff436393085d47a2/numpy-1.24.3-cp311-cp311-win_amd64.whl", hash = "sha256:5342cf6aad47943286afa6f1609cad9b4266a05e7f2ec408e2cf7aea7ff69d80"},
    {url = "https://files.pythonhosted.org/packages/f3/23/7cc851bae09cf4db90d42a701dfe525780883ada86bece45e3da7a07e76b/numpy-1.24.3-cp310-cp310-macosx_10_9_x86_64.whl", hash = "sha256:3c1104d3c036fb81ab923f507536daedc718d0ad5a8707c6061cdfd6d184e570"},
    {url = "https://files.pythonhosted.org/packages/fa/7d/8dfb40eecbb6bc83ca00ef979f5cdeca5909a250cb8b642dcf1fbd34c078/numpy-1.24.3-cp310-cp310-macosx_11_0_arm64.whl", hash = "sha256:202de8f38fc4a45a3eea4b63e2f376e5f2dc64ef0fa692838e31a808520efaf7"},
]
"opencv-python 4.7.0.72" = [
    {url = "https://files.pythonhosted.org/packages/11/89/eb6a2a00e0e9382f4f18b468e7c18b12905704d167e31043705186218277/opencv_python-4.7.0.72-cp37-abi3-win32.whl", hash = "sha256:eda115797b114fc16ca6f182b91c5d984f0015c19bec3145e55d33d708e9bae1"},
    {url = "https://files.pythonhosted.org/packages/16/91/b55ca570e3a96d241a7e76bcfe2f73d219cda01411bbd4214e7d12d5f98c/opencv_python-4.7.0.72-cp37-abi3-macosx_11_0_arm64.whl", hash = "sha256:7a297e7651e22eb17c265ddbbc80e2ba2a8ff4f4a1696a67c45e5f5798245842"},
    {url = "https://files.pythonhosted.org/packages/1a/12/a94f6e1aa2d03a483c641da4e8ec20d511a3ece2a087bb3232192e6c6987/opencv_python-4.7.0.72-cp37-abi3-macosx_10_16_x86_64.whl", hash = "sha256:d4f8880440c433a0025d78804dda6901d1e8e541a561dda66892d90290aef881"},
    {url = "https://files.pythonhosted.org/packages/29/35/a791b550cdeb4efd8b66e921748f2aff938868a29794489d93575d604a02/opencv_python-4.7.0.72-cp37-abi3-manylinux_2_17_x86_64.manylinux2014_x86_64.whl", hash = "sha256:ebfc0a3a2f57716e709028b992e4de7fd8752105d7a768531c4f434043c6f9ff"},
    {url = "https://files.pythonhosted.org/packages/36/98/fab8d982e2e2b57bdebcad64c7e5b5a14ac91c657cac509b9cf3fbea49d2/opencv_python-4.7.0.72-cp37-abi3-win_amd64.whl", hash = "sha256:812af57553ec1c6709060c63f6b7e9ad07ddc0f592f3ccc6d00c71e0fe0e6376"},
    {url = "https://files.pythonhosted.org/packages/40/93/655af887bafece2a655998f53b9bd21ad94b0627d81d44aef35c79f40de6/opencv-python-4.7.0.72.tar.gz", hash = "sha256:3424794a711f33284581f3c1e4b071cfc827d02b99d6fd9a35391f517c453306"},
    {url = "https://files.pythonhosted.org/packages/9e/b9/0d479c9ce987ba3c894c08785a4a3c38651e8cb14800fbe788d3ed8d3c11/opencv_python-4.7.0.72-cp37-abi3-manylinux_2_17_aarch64.manylinux2014_aarch64.whl", hash = "sha256:cd08343654c6b88c5a8c25bf425f8025aed2e3189b4d7306b5861d32affaf737"},
]
"pillow 9.5.0" = [
    {url = "https://files.pythonhosted.org/packages/00/d5/4903f310765e0ff2b8e91ffe55031ac6af77d982f0156061e20a4d1a8b2d/Pillow-9.5.0.tar.gz", hash = "sha256:bf548479d336726d7a0eceb6e767e179fbde37833ae42794602631a070d630f1"},
    {url = "https://files.pythonhosted.org/packages/02/4a/d362f7f44f1e5801c6726f0eaaeaf869d0d43c554b717072b2c5540cefb4/Pillow-9.5.0-pp39-pypy39_pp73-win_amd64.whl", hash = "sha256:1e7723bd90ef94eda669a3c2c19d549874dd5badaeefabefd26053304abe5799"},
    {url = "https://files.pythonhosted.org/packages/05/80/40ec3390eb39f128f9c81dfdce6fe419fad1296e816232c2785e74bb6255/Pillow-9.5.0-pp38-pypy38_pp73-macosx_10_10_x86_64.whl", hash = "sha256:833b86a98e0ede388fa29363159c9b1a294b0905b5128baf01db683672f230f5"},
    {url = "https://files.pythonhosted.org/packages/0c/02/7729c8aecbc525b560c7eb283ffa34c6f5a6d0ed6d1339570c65a3e63088/Pillow-9.5.0-cp311-cp311-win_amd64.whl", hash = "sha256:cfa4561277f677ecf651e2b22dc43e8f5368b74a25a8f7d1d4a3a243e573f2d4"},
    {url = "https://files.pythonhosted.org/packages/0d/4f/e31e4814b09f15c13d6fe069458a3b32a240ffaeb603b973456de3ea6d2a/Pillow-9.5.0-pp38-pypy38_pp73-manylinux_2_17_x86_64.manylinux2014_x86_64.whl", hash = "sha256:0852ddb76d85f127c135b6dd1f0bb88dbb9ee990d2cd9aa9e28526c93e794fba"},
    {url = "https://files.pythonhosted.org/packages/17/66/20db69c0361902a2f6ee2086d3e83c70133e3fb4cb31470e59a8ed37184e/Pillow-9.5.0-cp311-cp311-manylinux_2_17_aarch64.manylinux2014_aarch64.whl", hash = "sha256:96e88745a55b88a7c64fa49bceff363a1a27d9a64e04019c2281049444a571e3"},
    {url = "https://files.pythonhosted.org/packages/18/e4/f13369726d14e550f0028265b299f7c8262ccb7fb295df29e4f2fd79e0ab/Pillow-9.5.0-cp38-cp38-manylinux_2_17_aarch64.manylinux2014_aarch64.whl", hash = "sha256:c830a02caeb789633863b466b9de10c015bded434deb3ec87c768e53752ad22a"},
    {url = "https://files.pythonhosted.org/packages/1b/bc/cff591742feea45f88a3b8a83f7cab4a1dcdb4bcdfc51a06d92f96c81165/Pillow-9.5.0-cp310-cp310-macosx_10_10_x86_64.whl", hash = "sha256:ace6ca218308447b9077c14ea4ef381ba0b67ee78d64046b3f19cf4e1139ad16"},
    {url = "https://files.pythonhosted.org/packages/1b/dc/2d0919633097a93dcad35a2fb97304f4a9297f746e830a8b441af3db2007/Pillow-9.5.0-cp38-cp38-manylinux_2_17_x86_64.manylinux2014_x86_64.whl", hash = "sha256:f8fc330c3370a81bbf3f88557097d1ea26cd8b019d6433aa59f71195f5ddebbf"},
    {url = "https://files.pythonhosted.org/packages/1e/e4/de633d85be3b3c770c554a37a89e8273069bd19c34b15a419c2795600310/Pillow-9.5.0-cp311-cp311-musllinux_1_1_x86_64.whl", hash = "sha256:c1170d6b195555644f0616fd6ed929dfcf6333b8675fcca044ae5ab110ded296"},
    {url = "https://files.pythonhosted.org/packages/22/3b/db9837995e3d51ff356e39726e2ec0925850fdfef104996c2767baca4407/Pillow-9.5.0-pp38-pypy38_pp73-manylinux_2_28_x86_64.whl", hash = "sha256:91ec6fe47b5eb5a9968c79ad9ed78c342b1f97a091677ba0e012701add857829"},
    {url = "https://files.pythonhosted.org/packages/24/35/92032a00f41bea9bf93f19d48f15daac27d1365c0038fe22dc4e7fc7c8b0/Pillow-9.5.0-pp39-pypy39_pp73-macosx_10_10_x86_64.whl", hash = "sha256:c380b27d041209b849ed246b111b7c166ba36d7933ec6e41175fd15ab9eb1572"},
    {url = "https://files.pythonhosted.org/packages/25/6b/d3c35d207c9c0b6c2f855420f62e64ef43d348e8c797ad1c32b9f2106a19/Pillow-9.5.0-cp310-cp310-manylinux_2_28_x86_64.whl", hash = "sha256:85ec677246533e27770b0de5cf0f9d6e4ec0c212a1f89dfc941b64b21226009d"},
    {url = "https://files.pythonhosted.org/packages/28/a2/f2d0d584d45100a5419fd70a1233ade8f12469ffe6e8e3acd40364beaadb/Pillow-9.5.0-cp39-cp39-musllinux_1_1_x86_64.whl", hash = "sha256:489f8389261e5ed43ac8ff7b453162af39c3e8abd730af8363587ba64bb2e865"},
    {url = "https://files.pythonhosted.org/packages/29/8a/f4cf3f32bc554f9260b645ea1151449ac13525796d3d1a42076d75945d8d/Pillow-9.5.0-cp312-cp312-win_amd64.whl", hash = "sha256:432b975c009cf649420615388561c0ce7cc31ce9b2e374db659ee4f7d57a1f8b"},
    {url = "https://files.pythonhosted.org/packages/2c/a2/2d565cb1d754384a88998b9c86daf803a3a7908577875231eb99b8c7973d/Pillow-9.5.0-cp37-cp37m-manylinux_2_28_x86_64.whl", hash = "sha256:35f6e77122a0c0762268216315bf239cf52b88865bba522999dc38f1c52b9b47"},
    {url = "https://files.pythonhosted.org/packages/2e/ad/d29c8c48498da680521665b8483beb78a9343269bbd0730970e9396b01f0/Pillow-9.5.0-cp310-cp310-musllinux_1_1_x86_64.whl", hash = "sha256:1781a624c229cb35a2ac31cc4a77e28cafc8900733a864870c49bfeedacd106a"},
    {url = "https://files.pythonhosted.org/packages/33/a8/0d37d73387b8ea9cb3ad391a93e65ed9f62a331c0dfed1869891b6efd7a2/Pillow-9.5.0-cp38-cp38-manylinux_2_28_aarch64.whl", hash = "sha256:7002d0797a3e4193c7cdee3198d7c14f92c0836d6b4a3f3046a64bd1ce8df2bf"},
    {url = "https://files.pythonhosted.org/packages/37/95/48565d6beb34deaacda1543b515dab9479b8fa8b9046703fd08ad447ddfe/Pillow-9.5.0-cp37-cp37m-manylinux_2_17_x86_64.manylinux2014_x86_64.whl", hash = "sha256:2dfaaf10b6172697b9bceb9a3bd7b951819d1ca339a5ef294d1f1ac6d7f63270"},
    {url = "https://files.pythonhosted.org/packages/38/06/de304914ecd2c911939a28579546bd4d9b6ae0b3c07ce5fe9bd7d100eb34/Pillow-9.5.0-cp310-cp310-macosx_11_0_arm64.whl", hash = "sha256:d3d403753c9d5adc04d4694d35cf0391f0f3d57c8e0030aac09d7678fa8030aa"},
    {url = "https://files.pythonhosted.org/packages/3b/2b/57915b8af178e2c20bfd403ffed4521947881f9dbbfbaba48210dc59b9d7/Pillow-9.5.0-cp39-cp39-manylinux_2_28_x86_64.whl", hash = "sha256:07999f5834bdc404c442146942a2ecadd1cb6292f5229f4ed3b31e0a108746b1"},
    {url = "https://files.pythonhosted.org/packages/3b/70/e9a45a2e9c58c23e023fcda5af9686f5b42c718cc9bc86194e0025cf0ec5/Pillow-9.5.0-cp311-cp311-manylinux_2_17_x86_64.manylinux2014_x86_64.whl", hash = "sha256:cfcc2c53c06f2ccb8976fb5c71d448bdd0a07d26d8e07e321c103416444c7ad1"},
    {url = "https://files.pythonhosted.org/packages/3d/59/e6bd2c3715ace343d9739276ceed79657fe116923238d102cf731ab463dd/Pillow-9.5.0-cp311-cp311-manylinux_2_28_x86_64.whl", hash = "sha256:8d935f924bbab8f0a9a28404422da8af4904e36d5c33fc6f677e4c4485515625"},
    {url = "https://files.pythonhosted.org/packages/3e/14/0030e542f2acfea43635e55584c114e6cfd94d342393a5f71f74c172dc35/Pillow-9.5.0-cp310-cp310-win_amd64.whl", hash = "sha256:d3c6b54e304c60c4181da1c9dadf83e4a54fd266a99c70ba646a9baa626819eb"},
    {url = "https://files.pythonhosted.org/packages/46/a0/e410f655300932308e70e883dd60c0c51e6f74bed138641ea9193e64fd7c/Pillow-9.5.0-cp311-cp311-win32.whl", hash = "sha256:54f7102ad31a3de5666827526e248c3530b3a33539dbda27c6843d19d72644ec"},
    {url = "https://files.pythonhosted.org/packages/49/ef/98941488c7491a249692787dc741c97c22d5212a6d85f017519011195cfe/Pillow-9.5.0-cp38-cp38-macosx_10_10_x86_64.whl", hash = "sha256:a0aa9417994d91301056f3d0038af1199eb7adc86e646a36b9e050b06f526597"},
    {url = "https://files.pythonhosted.org/packages/50/ce/d39869c22904558ce32e664904cf72f13a9d47703b72392e881d9e7b6082/Pillow-9.5.0-pp39-pypy39_pp73-manylinux_2_17_i686.manylinux2014_i686.whl", hash = "sha256:7c9af5a3b406a50e313467e3565fc99929717f780164fe6fbb7704edba0cebbe"},
    {url = "https://files.pythonhosted.org/packages/51/3a/a6701b987007aaa43559b7d8510629845b25686f09a0eb29f8946a62d767/Pillow-9.5.0-cp39-cp39-win32.whl", hash = "sha256:9b1af95c3a967bf1da94f253e56b6286b50af23392a886720f563c547e48e964"},
    {url = "https://files.pythonhosted.org/packages/51/d2/c10f72c44e000d08e41f822083cf322bb59afa7ed01ae7e3e47875b47600/Pillow-9.5.0-pp39-pypy39_pp73-manylinux_2_28_x86_64.whl", hash = "sha256:84a6f19ce086c1bf894644b43cd129702f781ba5751ca8572f08aa40ef0ab7b7"},
    {url = "https://files.pythonhosted.org/packages/52/f8/099a6b9de39763b40ed6be5c0aa5b5aed800ecad98535c6c77dfa79484f1/Pillow-9.5.0-pp38-pypy38_pp73-manylinux_2_17_i686.manylinux2014_i686.whl", hash = "sha256:aaf305d6d40bd9632198c766fb64f0c1a83ca5b667f16c1e79e1661ab5060140"},
    {url = "https://files.pythonhosted.org/packages/59/1d/26a56ed1deae695a8c7d13fb514284ba8b9fd62bab9ebe6d6b474523b8b0/Pillow-9.5.0-cp310-cp310-manylinux_2_17_x86_64.manylinux2014_x86_64.whl", hash = "sha256:8f36397bf3f7d7c6a3abdea815ecf6fd14e7fcd4418ab24bae01008d8d8ca15e"},
    {url = "https://files.pythonhosted.org/packages/5b/d9/8599b0e4f750aa3cc43613f57cae5a0dfe841b1a8c8c8bde97e83828cdfd/Pillow-9.5.0-cp37-cp37m-manylinux_2_17_aarch64.manylinux2014_aarch64.whl", hash = "sha256:375f6e5ee9620a271acb6820b3d1e94ffa8e741c0601db4c0c4d3cb0a9c224bf"},
    {url = "https://files.pythonhosted.org/packages/5c/a8/ff526cdec6b56eb20c992e7083f02c8065049ed1e62fbc159390d7a3dd5e/Pillow-9.5.0-cp311-cp311-manylinux_2_17_i686.manylinux2014_i686.whl", hash = "sha256:d9c206c29b46cfd343ea7cdfe1232443072bbb270d6a46f59c259460db76779a"},
    {url = "https://files.pythonhosted.org/packages/5d/06/2f319e3244bdd84567ed2d7d405a6e0fd9dd03fc6d7e24794ac1e14d570d/Pillow-9.5.0-cp38-cp38-musllinux_1_1_aarch64.whl", hash = "sha256:9adf58f5d64e474bed00d69bcd86ec4bcaa4123bfa70a65ce72e424bfb88ed96"},
    {url = "https://files.pythonhosted.org/packages/5d/38/b7bcbab3bfe1946ba9cf71c1fa03e541b498069457be49eadcdc229412ef/Pillow-9.5.0-cp312-cp312-win32.whl", hash = "sha256:22baf0c3cf0c7f26e82d6e1adf118027afb325e703922c8dfc1d5d0156bb2eeb"},
    {url = "https://files.pythonhosted.org/packages/61/a5/ee306d6cc53c9a30c23ba2313b43b67fdf76c611ca5afd0cdd62922cbd3e/Pillow-9.5.0-cp311-cp311-manylinux_2_28_aarch64.whl", hash = "sha256:a0f9bb6c80e6efcde93ffc51256d5cfb2155ff8f78292f074f60f9e70b942d99"},
    {url = "https://files.pythonhosted.org/packages/62/88/46a35f690ee4f8b08aef5fdb47f63d29c34f6874834155e52bf4456d9566/Pillow-9.5.0-cp310-cp310-manylinux_2_17_i686.manylinux2014_i686.whl", hash = "sha256:fe7e1c262d3392afcf5071df9afa574544f28eac825284596ac6db56e6d11062"},
    {url = "https://files.pythonhosted.org/packages/64/46/672289c0ff87733fb93854dedf3a8d65642a25c0bfc88e7f6d722f9161a5/Pillow-9.5.0-cp39-cp39-macosx_10_10_x86_64.whl", hash = "sha256:482877592e927fd263028c105b36272398e3e1be3269efda09f6ba21fd83ec66"},
    {url = "https://files.pythonhosted.org/packages/69/72/48cc52bff8731cf72bc4101e34dc44807a410c171f921afb582a511da50e/Pillow-9.5.0-cp39-cp39-win_amd64.whl", hash = "sha256:77165c4a5e7d5a284f10a6efaa39a0ae8ba839da344f20b111d62cc932fa4e5d"},
    {url = "https://files.pythonhosted.org/packages/78/a8/3c2d737d856eb9cd8c18e78f6fe0ed08a2805bded74cbb0455584859023b/Pillow-9.5.0-cp311-cp311-macosx_10_10_x86_64.whl", hash = "sha256:7ec6f6ce99dab90b52da21cf0dc519e21095e332ff3b399a357c187b1a5eee32"},
    {url = "https://files.pythonhosted.org/packages/7a/6a/a7df39c502caeadd942d8bf97bc2fdfc819fbdc7499a2ab05e7db43611ac/Pillow-9.5.0-cp310-cp310-musllinux_1_1_aarch64.whl", hash = "sha256:b416f03d37d27290cb93597335a2f85ed446731200705b22bb927405320de903"},
    {url = "https://files.pythonhosted.org/packages/7a/75/4a382d1567efc6f4e3054f693167f8ce2d1ad939c5f6f12aa5c50f74b997/Pillow-9.5.0-pp39-pypy39_pp73-manylinux_2_17_x86_64.manylinux2014_x86_64.whl", hash = "sha256:5671583eab84af046a397d6d0ba25343c00cd50bce03787948e0fff01d4fd9b1"},
    {url = "https://files.pythonhosted.org/packages/85/4d/d0b5c3610a39f01e380489770b10e2b8644a2188eace45c84e40d439b0dd/Pillow-9.5.0-cp38-cp38-win32.whl", hash = "sha256:6608ff3bf781eee0cd14d0901a2b9cc3d3834516532e3bd673a0a204dc8615fc"},
    {url = "https://files.pythonhosted.org/packages/90/00/123c546069abac47bd4ce2e0a78e6ad4040e43294ebbb266a3a21d3616b2/Pillow-9.5.0-cp38-cp38-manylinux_2_17_i686.manylinux2014_i686.whl", hash = "sha256:fbd359831c1657d69bb81f0db962905ee05e5e9451913b18b831febfe0519082"},
    {url = "https://files.pythonhosted.org/packages/93/54/9d7f01fd3fe4069c88827728646e3c8f1aff0995e8422d841b38f034f39a/Pillow-9.5.0-cp310-cp310-win32.whl", hash = "sha256:8507eda3cd0608a1f94f58c64817e83ec12fa93a9436938b191b80d9e4c0fc44"},
    {url = "https://files.pythonhosted.org/packages/95/62/8a943681db5f6588498ed86aa1568dd31c63f6afdabe50841589fc662c68/Pillow-9.5.0-cp39-cp39-manylinux_2_17_aarch64.manylinux2014_aarch64.whl", hash = "sha256:c446d2245ba29820d405315083d55299a796695d747efceb5717a8b450324115"},
    {url = "https://files.pythonhosted.org/packages/97/d2/f0b4c006c8997aff5277cdde18187c55ce767f9fd32b2dd657c1bf71b570/Pillow-9.5.0-cp37-cp37m-win32.whl", hash = "sha256:aca1c196f407ec7cf04dcbb15d19a43c507a81f7ffc45b690899d6a76ac9fda7"},
    {url = "https://files.pythonhosted.org/packages/9a/57/7864b6a22acb5f1d4b70af8c92cbd5e3af25f4d5869c24cd8074ca1f3593/Pillow-9.5.0-cp310-cp310-manylinux_2_17_aarch64.manylinux2014_aarch64.whl", hash = "sha256:5ba1b81ee69573fe7124881762bb4cd2e4b6ed9dd28c9c60a632902fe8db8b38"},
    {url = "https://files.pythonhosted.org/packages/9a/6d/9beb596ba5a5e61081c843187bcdbb42a5c9a9ef552751b554894247da7a/Pillow-9.5.0-cp311-cp311-musllinux_1_1_aarch64.whl", hash = "sha256:fed1e1cf6a42577953abbe8e6cf2fe2f566daebde7c34724ec8803c4c0cda579"},
    {url = "https://files.pythonhosted.org/packages/a6/8b/cca45afbbd58ca032594ea465ded859b9da6d8bc226afe0e60e64bd8872e/Pillow-9.5.0-cp38-cp38-manylinux_2_28_x86_64.whl", hash = "sha256:229e2c79c00e85989a34b5981a2b67aa079fd08c903f0aaead522a1d68d79e51"},
    {url = "https://files.pythonhosted.org/packages/a9/15/310cde63cb15a091de889ded26281924cf9cfa5c000b36b06bd0c7f50261/Pillow-9.5.0-cp311-cp311-macosx_11_0_arm64.whl", hash = "sha256:560737e70cb9c6255d6dcba3de6578a9e2ec4b573659943a5e7e4af13f298f5c"},
    {url = "https://files.pythonhosted.org/packages/a9/70/9259e93534d01f846f7d0501f19bb7d8cc1751741bc20826fc8d3a20fe32/Pillow-9.5.0-cp39-cp39-macosx_11_0_arm64.whl", hash = "sha256:3ded42b9ad70e5f1754fb7c2e2d6465a9c842e41d178f262e08b8c85ed8a1d8e"},
    {url = "https://files.pythonhosted.org/packages/aa/a5/ba2eeb1a242babb23a21a782356f8b6fe1312b24b69062ee1cb60107fd95/Pillow-9.5.0-cp38-cp38-macosx_11_0_arm64.whl", hash = "sha256:f8286396b351785801a976b1e85ea88e937712ee2c3ac653710a4a57a8da5d9c"},
    {url = "https://files.pythonhosted.org/packages/af/b7/f9faf80e3c93b02712c5748f10c75a8948e74eca61ec2408f7e1d4c9dd16/Pillow-9.5.0-cp39-cp39-manylinux_2_28_aarch64.whl", hash = "sha256:60037a8db8750e474af7ffc9faa9b5859e6c6d0a50e55c45576bf28be7419705"},
    {url = "https://files.pythonhosted.org/packages/b0/02/baf83c103657285542bba78978f5f6fb21d419944c2a4c54f950eb84a7bc/Pillow-9.5.0-cp37-cp37m-manylinux_2_28_aarch64.whl", hash = "sha256:763782b2e03e45e2c77d7779875f4432e25121ef002a41829d8868700d119392"},
    {url = "https://files.pythonhosted.org/packages/b8/c1/2c1daeb1e7c44d477f4f2d92f3316d922c9f8926378afcba424c6d1850aa/Pillow-9.5.0-cp37-cp37m-manylinux_2_17_i686.manylinux2014_i686.whl", hash = "sha256:99eb6cafb6ba90e436684e08dad8be1637efb71c4f2180ee6b8f940739406e78"},
    {url = "https://files.pythonhosted.org/packages/b9/8b/d38cc68796be4ac238db327682a1acfbc5deccf64a150aa44ee1efbaafae/Pillow-9.5.0-cp311-cp311-win_arm64.whl", hash = "sha256:965e4a05ef364e7b973dd17fc765f42233415974d773e82144c9bbaaaea5d089"},
    {url = "https://files.pythonhosted.org/packages/c3/ba/c4c2a1411561cd9725979115e7450f1367b44997ae1ff29e5845bce92d52/Pillow-9.5.0-cp38-cp38-win_amd64.whl", hash = "sha256:e49eb4e95ff6fd7c0c402508894b1ef0e01b99a44320ba7d8ecbabefddcc5569"},
    {url = "https://files.pythonhosted.org/packages/cb/3c/4f3ef1a14e903d7b2bc43672c20f732b874e1e50a9a58ac9a1726ef3773d/Pillow-9.5.0-cp37-cp37m-win_amd64.whl", hash = "sha256:322724c0032af6692456cd6ed554bb85f8149214d97398bb80613b04e33769f6"},
    {url = "https://files.pythonhosted.org/packages/d4/36/d22b0fac821a14572fdb9a8015b2bf19ee81eaa560ea25a6772760c86a30/Pillow-9.5.0-cp310-cp310-manylinux_2_28_aarch64.whl", hash = "sha256:252a03f1bdddce077eff2354c3861bf437c892fb1832f75ce813ee94347aa9b5"},
    {url = "https://files.pythonhosted.org/packages/d9/0e/7c6f054022235830dc2c37ec83e947d9ca09b0b0361e1e5e29983da92294/Pillow-9.5.0-pp38-pypy38_pp73-win_amd64.whl", hash = "sha256:cb841572862f629b99725ebaec3287fc6d275be9b14443ea746c1dd325053cbd"},
    {url = "https://files.pythonhosted.org/packages/db/5c/ba9e291850f594f89436cdca93d36c6f8610d4fb7833a6c257f4481d4174/Pillow-9.5.0-cp38-cp38-musllinux_1_1_x86_64.whl", hash = "sha256:662da1f3f89a302cc22faa9f14a262c2e3951f9dbc9617609a47521c69dd9f8f"},
    {url = "https://files.pythonhosted.org/packages/e7/2a/f3ed578595f8486ee2cc07434460097d89aedd406a3db849b890ca8ec416/Pillow-9.5.0-cp39-cp39-musllinux_1_1_aarch64.whl", hash = "sha256:a127ae76092974abfbfa38ca2d12cbeddcdeac0fb71f9627cc1135bedaf9d51a"},
    {url = "https://files.pythonhosted.org/packages/ec/7d/01404982db598f271ac7c0d0207860f60ab9288cfacce9872eb567cfbfe3/Pillow-9.5.0-cp37-cp37m-macosx_10_10_x86_64.whl", hash = "sha256:5d4ebf8e1db4441a55c509c4baa7a0587a0210f7cd25fcfe74dbbce7a4bd1906"},
    {url = "https://files.pythonhosted.org/packages/f2/43/0892913d499c8df2c88dee69d59e77de19e0c51754a9be82023880641c09/Pillow-9.5.0-cp39-cp39-manylinux_2_17_i686.manylinux2014_i686.whl", hash = "sha256:8aca1152d93dcc27dc55395604dcfc55bed5f25ef4c98716a928bacba90d33a3"},
    {url = "https://files.pythonhosted.org/packages/ff/fc/48a51c0fe2a00d5def57b9981a1e0f8339b516351da7a51500383d833bc8/Pillow-9.5.0-cp39-cp39-manylinux_2_17_x86_64.manylinux2014_x86_64.whl", hash = "sha256:608488bdcbdb4ba7837461442b90ea6f3079397ddc968c31265c1e056964f1ef"},
]
"pyautogui 0.9.54" = [
    {url = "https://files.pythonhosted.org/packages/65/ff/cdae0a8c2118a0de74b6cf4cbcdcaf8fd25857e6c3f205ce4b1794b27814/PyAutoGUI-0.9.54.tar.gz", hash = "sha256:dd1d29e8fd118941cb193f74df57e5c6ff8e9253b99c7b04f39cfc69f3ae04b2"},
]
"pygetwindow 0.0.9" = [
    {url = "https://files.pythonhosted.org/packages/e1/70/c7a4f46dbf06048c6d57d9489b8e0f9c4c3d36b7479f03c5ca97eaa2541d/PyGetWindow-0.0.9.tar.gz", hash = "sha256:17894355e7d2b305cd832d717708384017c1698a90ce24f6f7fbf0242dd0a688"},
]
"pymsgbox 1.0.9" = [
    {url = "https://files.pythonhosted.org/packages/7d/ff/4c6f31a4f08979f12a663f2aeb6c8b765d3bd592e66eaaac445f547bb875/PyMsgBox-1.0.9.tar.gz", hash = "sha256:2194227de8bff7a3d6da541848705a155dcbb2a06ee120d9f280a1d7f51263ff"},
]
"pyobjc-core 9.1.1" = [
    {url = "https://files.pythonhosted.org/packages/0b/0b/f13a4ff6bc4ef8eacd4a487e2892041f71fbd7abfbc6791c78a458e314a7/pyobjc_core-9.1.1-cp38-cp38-macosx_11_0_universal2.whl", hash = "sha256:1626909916603a3b04c07c721cf1af0e0b892cec85bb3db98d05ba024f1786fc"},
    {url = "https://files.pythonhosted.org/packages/10/49/63fca6412f4a0fcd3c73f333165222064f0a84fc9ef4d285cc1a4a009df7/pyobjc_core-9.1.1-cp38-cp38-macosx_10_9_x86_64.whl", hash = "sha256:d61e9517d451bc062a7fae8b3648f4deba4fa54a24926fa1cf581b90ef4ced5a"},
    {url = "https://files.pythonhosted.org/packages/89/33/78a6350f83d071c502b778762564720dd6ab681a6c6104f7607aa83fe3c2/pyobjc_core-9.1.1-cp37-cp37m-macosx_10_9_x86_64.whl", hash = "sha256:083004d28b92ccb483a41195c600728854843b0486566aba2d6e63eef51f80e6"},
    {url = "https://files.pythonhosted.org/packages/9e/43/da6deaad1611502c4a05e3d4e669c9279c65a801a8317b912725bae72844/pyobjc_core-9.1.1-cp39-cp39-macosx_10_9_universal2.whl", hash = "sha256:2dde96462b52e952515d142e2afbb6913624a02c13582047e06211e6c3993728"},
    {url = "https://files.pythonhosted.org/packages/b5/a6/22b65cabf1c05b388a5b48046d51b71b2478b0fc5b12c300375425fbdd2e/pyobjc_core-9.1.1-cp310-cp310-macosx_10_9_universal2.whl", hash = "sha256:4bd07049fd9fe5b40e4b7c468af9cf942508387faf383a5acb043d20627bad2c"},
    {url = "https://files.pythonhosted.org/packages/d2/b4/cb2a22c509c8ce435ac0617e3354a1f94411f0023d3c2feb350b007b8da0/pyobjc-core-9.1.1.tar.gz", hash = "sha256:4b6cb9053b5fcd3c0e76b8c8105a8110786b20f3403c5643a688c5ec51c55c6b"},
    {url = "https://files.pythonhosted.org/packages/df/b0/fc43adf71907d1d9ae8ab0751426f1577e24588854e83e927c76c86b2cfa/pyobjc_core-9.1.1-cp311-cp311-macosx_10_9_universal2.whl", hash = "sha256:1a8307527621729ff2ab67860e7ed84f76ad0da881b248c2ef31e0da0088e4ba"},
]
"pyobjc-framework-cocoa 9.1.1" = [
    {url = "https://files.pythonhosted.org/packages/1d/79/af7bd8fdc61a1210f679c1cff689b86894473a7e81ab355e2d0cb59dc131/pyobjc_framework_Cocoa-9.1.1-cp311-cp311-macosx_10_9_universal2.whl", hash = "sha256:5e1e96fb3461f46ff951413515f2029e21be268b0e033db6abee7b64ec8e93d3"},
    {url = "https://files.pythonhosted.org/packages/4e/d9/fc63476d44b2b1c6acbe6704eda28ddc8beb5aa9c1bb14833f9660e51389/pyobjc_framework_Cocoa-9.1.1-cp37-cp37m-macosx_10_9_x86_64.whl", hash = "sha256:083b195c496d30c6b9dd86126a6093c4b95e0138e9b052b13e54103fcc0b4872"},
    {url = "https://files.pythonhosted.org/packages/61/fd/df2e56a3e5962a0413014859225c663e3071c51a3d1e7837bbaebca9d72a/pyobjc_framework_Cocoa-9.1.1-cp38-cp38-macosx_11_0_universal2.whl", hash = "sha256:54c017354671f0d955432986c42218e452ca69906a101c8e7acde8510432303a"},
    {url = "https://files.pythonhosted.org/packages/7d/b4/f9d0bde8f0da5857a857ffbbddb96fb549bc68365a0a35f126e7fd72cb5c/pyobjc_framework_Cocoa-9.1.1-cp310-cp310-macosx_10_9_universal2.whl", hash = "sha256:9176a4276f3b4b4758e9b9ca10698be5341ceffaeaa4fa055133417179e6bc37"},
    {url = "https://files.pythonhosted.org/packages/90/70/7ec76e482a49cdb4dd5c4371c52775d237fcbf4fc1932bd60889b8006f1a/pyobjc-framework-Cocoa-9.1.1.tar.gz", hash = "sha256:345c32b6d1f3db45f635e400f2d0d6c0f0f7349d45ec823f76fc1df43d13caeb"},
    {url = "https://files.pythonhosted.org/packages/ab/04/ab93732b4aa8381790a9b7e43e2d73ccdf79a02570070b5c5f8ee433adc1/pyobjc_framework_Cocoa-9.1.1-cp38-cp38-macosx_10_9_x86_64.whl", hash = "sha256:a1b3333b1aa045608848bd68bbab4c31171f36aeeaa2fabeb4527c6f6f1e33cd"},
    {url = "https://files.pythonhosted.org/packages/f4/f4/5837b90164d987ed14bb726b7deb3670c7d66471ba9f214bf38bdd2e6217/pyobjc_framework_Cocoa-9.1.1-cp39-cp39-macosx_10_9_universal2.whl", hash = "sha256:10c0075688ce95b92caf59e368585fffdcc98c919bc345067af070222f5d01d2"},
]
"pyobjc-framework-quartz 9.1.1" = [
    {url = "https://files.pythonhosted.org/packages/03/c2/0b568551b4bc502c7cf08d7c5108bc7249ffafe058cd01985b62056c11b8/pyobjc_framework_Quartz-9.1.1-cp311-cp311-macosx_10_9_universal2.whl", hash = "sha256:7b3a56f52f9bb7fbd45c5a5f0de312ee9c104dfce6e1731015048d9e65a95e43"},
    {url = "https://files.pythonhosted.org/packages/39/a6/3196b4e2addf4fedf2a94eef831ef40d397512b183c4d17cb4af6044aeaf/pyobjc_framework_Quartz-9.1.1-cp38-cp38-macosx_10_9_x86_64.whl", hash = "sha256:3b583e6953e9c65525db908c33c1c97cead3ac8aa0cf2759fcc568666a1b7373"},
    {url = "https://files.pythonhosted.org/packages/4f/e0/f0ab95ade8f3b5e7de531091e102dee4ca78423c5e2d401c8fe095721a3a/pyobjc_framework_Quartz-9.1.1-cp39-cp39-macosx_10_9_universal2.whl", hash = "sha256:a82d43c6c5fe0f5d350cfc97212bef7c572e345aa9c6e23909d23dace6448c99"},
    {url = "https://files.pythonhosted.org/packages/7e/9d/d65d770d64547a9333c58d882ed5b508ea16203c8f3af090969412a6b77e/pyobjc-framework-Quartz-9.1.1.tar.gz", hash = "sha256:8d03bc52bd6d90f00f274fd709b82e53dc5dfca19f3fc744997634e03faaa159"},
    {url = "https://files.pythonhosted.org/packages/af/b7/3ef6ef20a81f9c703129fe0b2207e2630ba4ffd8bc7c4a0e5bfc97d1eb2b/pyobjc_framework_Quartz-9.1.1-cp37-cp37m-macosx_10_9_x86_64.whl", hash = "sha256:b3138773dfb269e6e3894e20dcfaf90102bad84ba44aa2bba8683b8426a69cdd"},
    {url = "https://files.pythonhosted.org/packages/b5/b7/eadb80d670f2c2cdb91fc754af4fdbc7932e49e6d89daa74b5d1746b7bb6/pyobjc_framework_Quartz-9.1.1-cp38-cp38-macosx_11_0_universal2.whl", hash = "sha256:c3efcbba62e9c5351c2a9469faabb7f400f214cd8cf98f57798d6b6c93c76efb"},
    {url = "https://files.pythonhosted.org/packages/ed/ac/29805dacb6d6bda8d8834d8ef5f7e88325862db367f42513ee3a682f07ce/pyobjc_framework_Quartz-9.1.1-cp310-cp310-macosx_10_9_universal2.whl", hash = "sha256:32602f46353a5eadb0843a0940635c8ec103f47d5b1ce84284604e01c6393fa8"},
]
"pyperclip 1.8.2" = [
    {url = "https://files.pythonhosted.org/packages/a7/2c/4c64579f847bd5d539803c8b909e54ba087a79d01bb3aba433a95879a6c5/pyperclip-1.8.2.tar.gz", hash = "sha256:105254a8b04934f0bc84e9c24eb360a591aaf6535c9def5f29d92af107a9bf57"},
]
"pyrect 0.2.0" = [
    {url = "https://files.pythonhosted.org/packages/cb/04/2ba023d5f771b645f7be0c281cdacdcd939fe13d1deb331fc5ed1a6b3a98/PyRect-0.2.0.tar.gz", hash = "sha256:f65155f6df9b929b67caffbd57c0947c5ae5449d3b580d178074bffb47a09b78"},
]
"pyscreenshot 3.1" = [
    {url = "https://files.pythonhosted.org/packages/c6/fb/acc0b5a7251682cd11c67c40a1532ffb1dda71626e9ad7e7ba1e55cc3ae2/pyscreenshot-3.1-py3-none-any.whl", hash = "sha256:73d406d41a0977125bdfd2f6488f0caf1394e84d1d4c1065d5e8b1400b307096"},
    {url = "https://files.pythonhosted.org/packages/f0/bf/a051bea0ad0fb9877684d0f8b87e0e55970b53b117db80c5f729d6dda762/pyscreenshot-3.1.tar.gz", hash = "sha256:8c0e93f0aef66a6bfe55a86abfced6bd396ae4b4f6cc1e36f04a28ad2625594d"},
]
"pyscreeze 0.1.29" = [
    {url = "https://files.pythonhosted.org/packages/be/41/007a0ebd02348fce60836ff8fcce146867a0d6691f46ca70bb3cb74e913d/PyScreeze-0.1.29.tar.gz", hash = "sha256:d074547795e128da176599a6d4470500e425d49b05cf22e9808a7984c3612836"},
]
"python3-xlib 0.15" = [
    {url = "https://files.pythonhosted.org/packages/ef/c6/2c5999de3bb1533521f1101e8fe56fd9c266732f4d48011c7c69b29d12ae/python3-xlib-0.15.tar.gz", hash = "sha256:dc4245f3ae4aa5949c1d112ee4723901ade37a96721ba9645f2bfa56e5b383f8"},
]
"pytweening 1.0.7" = [
    {url = "https://files.pythonhosted.org/packages/0f/01/71554f0f2e7bfaa5b79210d96cf61d8fb6c5545eb95fde7441755efb6daa/pytweening-1.0.7.tar.gz", hash = "sha256:767134f1bf57b76c1ce9f692dd1cfc776d9a279de6724e8d04854508fd7ededb"},
]
"rubicon-objc 0.4.6" = [
    {url = "https://files.pythonhosted.org/packages/29/23/2fef9bd16a5e01d309f7009e37f770baf6b37529392fd98bf230a2410a02/rubicon-objc-0.4.6.tar.gz", hash = "sha256:faa6e373deab93ba70881354b884137b80403ce78fca2380f189cb338b350926"},
    {url = "https://files.pythonhosted.org/packages/57/78/e74d02f2da345930010c01144c25485876b33ff16f61d73466c251f40335/rubicon_objc-0.4.6-py3-none-any.whl", hash = "sha256:d4ec8892771bf7ac9569c1310c3beb80bb516c3df0323e6ffd63442b246dfddd"},
]
"win32-setctime 1.1.0" = [
    {url = "https://files.pythonhosted.org/packages/0a/e6/a7d828fef907843b2a5773ebff47fb79ac0c1c88d60c0ca9530ee941e248/win32_setctime-1.1.0-py3-none-any.whl", hash = "sha256:231db239e959c2fe7eb1d7dc129f11172354f98361c4fa2d6d2d7e278baa8aad"},
    {url = "https://files.pythonhosted.org/packages/6b/dd/f95a13d2b235a28d613ba23ebad55191514550debb968b46aab99f2e3a30/win32_setctime-1.1.0.tar.gz", hash = "sha256:15cf5750465118d6929ae4de4eb46e8edae9a5634350c01ba582df868e932cb2"},
]
